
Microsoft Visual Studio Solution File, Format Version 12.00
# Visual Studio Version 17
VisualStudioVersion = 17.5.002.0
MinimumVisualStudioVersion = 10.0.40219.1
Project("{9A19103F-16F7-4668-BE54-9A1E7A4F7556}") = "benchmark", "benchmark.csproj", "{464AED65-657E-4DBA-A965-370555559025}"
EndProject
Global
	GlobalSection(SolutionConfigurationPlatforms) = preSolution
		Debug|Any CPU = Debug|Any CPU
		Release|Any CPU = Release|Any CPU
	EndGlobalSection
	GlobalSection(ProjectConfigurationPlatforms) = postSolution
		{464AED65-657E-4DBA-A965-370555559025}.Debug|Any CPU.ActiveCfg = Debug|Any CPU
		{464AED65-657E-4DBA-A965-370555559025}.Debug|Any CPU.Build.0 = Debug|Any CPU
		{464AED65-657E-4DBA-A965-370555559025}.Release|Any CPU.ActiveCfg = Release|Any CPU
		{464AED65-657E-4DBA-A965-370555559025}.Release|Any CPU.Build.0 = Release|Any CPU
	EndGlobalSection
	GlobalSection(SolutionProperties) = preSolution
		HideSolutionNode = FALSE
	EndGlobalSection
	GlobalSection(ExtensibilityGlobals) = postSolution
		SolutionGuid = {2AC53D08-CC8F-4BC9-AC4D-D625567C4EE2}
	EndGlobalSection
EndGlobal
